
Microsoft Visual Studio Solution File, Format Version 12.00
# Visual Studio 15
VisualStudioVersion = 15.0.28010.2046
MinimumVisualStudioVersion = 10.0.40219.1
Project("{FAE04EC0-301F-11D3-BF4B-00C04F79EFBC}") = "ThePeacenet", "ThePeacenet\ThePeacenet.csproj", "{4ADA4A59-2A99-425D-9995-C74A5E6A20CC}"
EndProject
Project("{FAE04EC0-301F-11D3-BF4B-00C04F79EFBC}") = "ThePeacenet.Backend", "ThePeacenet.Backend\ThePeacenet.Backend.csproj", "{137C6E21-12DA-4948-9E38-BD436FD15571}"
EndProject
Project("{2150E333-8FDC-42A3-9474-1A3956D46DE8}") = "Old UE4 Code", "Old UE4 Code", "{2D8A959A-20F2-415D-90C5-6478D91E5E1A}"
EndProject
Project("{2150E333-8FDC-42A3-9474-1A3956D46DE8}") = "Headers", "Headers", "{AF2548C4-10E4-4200-9E1C-F290126723AE}"
	ProjectSection(SolutionItems) = preProject
		Source\ProjectOglowia\Public\AdjacentLinkType.h = Source\ProjectOglowia\Public\AdjacentLinkType.h
		Source\ProjectOglowia\Public\AdjacentNode.h = Source\ProjectOglowia\Public\AdjacentNode.h
		Source\ProjectOglowia\Public\AdjacentNodeInfo.h = Source\ProjectOglowia\Public\AdjacentNodeInfo.h
		Source\ProjectOglowia\Public\AlertManager.h = Source\ProjectOglowia\Public\AlertManager.h
		Source\ProjectOglowia\Public\AuthenticationType.h = Source\ProjectOglowia\Public\AuthenticationType.h
		Source\ProjectOglowia\Public\BashShell.h = Source\ProjectOglowia\Public\BashShell.h
		Source\ProjectOglowia\Public\CharacterRelationship.h = Source\ProjectOglowia\Public\CharacterRelationship.h
		Source\ProjectOglowia\Public\ChatManager.h = Source\ProjectOglowia\Public\ChatManager.h
		Source\ProjectOglowia\Public\ChatMessage.h = Source\ProjectOglowia\Public\ChatMessage.h
		Source\ProjectOglowia\Public\CommandInfo.h = Source\ProjectOglowia\Public\CommandInfo.h
		Source\ProjectOglowia\Public\CommandPayload.h = Source\ProjectOglowia\Public\CommandPayload.h
		Source\ProjectOglowia\Public\CommandRunInstruction.h = Source\ProjectOglowia\Public\CommandRunInstruction.h
		Source\ProjectOglowia\Public\CommandShell.h = Source\ProjectOglowia\Public\CommandShell.h
		Source\ProjectOglowia\Public\CommonUtils.h = Source\ProjectOglowia\Public\CommonUtils.h
		Source\ProjectOglowia\Public\Computer.h = Source\ProjectOglowia\Public\Computer.h
		Source\ProjectOglowia\Public\ComputerService.h = Source\ProjectOglowia\Public\ComputerService.h
		Source\ProjectOglowia\Public\ComputerType.h = Source\ProjectOglowia\Public\ComputerType.h
		Source\ProjectOglowia\Public\ConnectionError.h = Source\ProjectOglowia\Public\ConnectionError.h
		Source\ProjectOglowia\Public\ConsoleContext.h = Source\ProjectOglowia\Public\ConsoleContext.h
		Source\ProjectOglowia\Public\ConsoleReadLineLatentAction.h = Source\ProjectOglowia\Public\ConsoleReadLineLatentAction.h
		Source\ProjectOglowia\Public\Cowsay.h = Source\ProjectOglowia\Public\Cowsay.h
		Source\ProjectOglowia\Public\CryptoWallet.h = Source\ProjectOglowia\Public\CryptoWallet.h
		Source\ProjectOglowia\Public\Database.h = Source\ProjectOglowia\Public\Database.h
		Source\ProjectOglowia\Public\DatabaseParser.h = Source\ProjectOglowia\Public\DatabaseParser.h
		Source\ProjectOglowia\Public\DelayTask.h = Source\ProjectOglowia\Public\DelayTask.h
		Source\ProjectOglowia\Public\DeleteLogsHackTask.h = Source\ProjectOglowia\Public\DeleteLogsHackTask.h
		Source\ProjectOglowia\Public\DesktopWidget.h = Source\ProjectOglowia\Public\DesktopWidget.h
		Source\ProjectOglowia\Public\Dialog.h = Source\ProjectOglowia\Public\Dialog.h
		Source\ProjectOglowia\Public\DownloadFileHackTask.h = Source\ProjectOglowia\Public\DownloadFileHackTask.h
		Source\ProjectOglowia\Public\Email.h = Source\ProjectOglowia\Public\Email.h
		Source\ProjectOglowia\Public\EntityPosition.h = Source\ProjectOglowia\Public\EntityPosition.h
		Source\ProjectOglowia\Public\Exploit.h = Source\ProjectOglowia\Public\Exploit.h
		Source\ProjectOglowia\Public\ExploitFileRecordChecker.h = Source\ProjectOglowia\Public\ExploitFileRecordChecker.h
		Source\ProjectOglowia\Public\ExploitVolatility.h = Source\ProjectOglowia\Public\ExploitVolatility.h
		Source\ProjectOglowia\Public\FileOpenResult.h = Source\ProjectOglowia\Public\FileOpenResult.h
		Source\ProjectOglowia\Public\FileRecord.h = Source\ProjectOglowia\Public\FileRecord.h
		Source\ProjectOglowia\Public\FileRecordChecker.h = Source\ProjectOglowia\Public\FileRecordChecker.h
		Source\ProjectOglowia\Public\FileRecordType.h = Source\ProjectOglowia\Public\FileRecordType.h
		Source\ProjectOglowia\Public\FileSpawnLocation.h = Source\ProjectOglowia\Public\FileSpawnLocation.h
		Source\ProjectOglowia\Public\FileUtilities.h = Source\ProjectOglowia\Public\FileUtilities.h
		Source\ProjectOglowia\Public\FirewallRule.h = Source\ProjectOglowia\Public\FirewallRule.h
		Source\ProjectOglowia\Public\Folder.h = Source\ProjectOglowia\Public\Folder.h
		Source\ProjectOglowia\Public\GameRules.h = Source\ProjectOglowia\Public\GameRules.h
		Source\ProjectOglowia\Public\GameTypeAsset.h = Source\ProjectOglowia\Public\GameTypeAsset.h
		Source\ProjectOglowia\Public\GovernmentAlertInfo.h = Source\ProjectOglowia\Public\GovernmentAlertInfo.h
		Source\ProjectOglowia\Public\GovernmentAlertStatus.h = Source\ProjectOglowia\Public\GovernmentAlertStatus.h
		Source\ProjectOglowia\Public\GraphicalTerminalCommand.h = Source\ProjectOglowia\Public\GraphicalTerminalCommand.h
		Source\ProjectOglowia\Public\Grep.h = Source\ProjectOglowia\Public\Grep.h
		Source\ProjectOglowia\Public\HackCommand.h = Source\ProjectOglowia\Public\HackCommand.h
		Source\ProjectOglowia\Public\HackCompletionType.h = Source\ProjectOglowia\Public\HackCompletionType.h
		Source\ProjectOglowia\Public\HackSubtask.h = Source\ProjectOglowia\Public\HackSubtask.h
		Source\ProjectOglowia\Public\HackTask.h = Source\ProjectOglowia\Public\HackTask.h
		Source\ProjectOglowia\Public\HashFunctions.h = Source\ProjectOglowia\Public\HashFunctions.h
		Source\ProjectOglowia\Public\HelpCommand.h = Source\ProjectOglowia\Public\HelpCommand.h
		Source\ProjectOglowia\Public\InfoboxBase.h = Source\ProjectOglowia\Public\InfoboxBase.h
		Source\ProjectOglowia\Public\KillProcessCommand.h = Source\ProjectOglowia\Public\KillProcessCommand.h
		Source\ProjectOglowia\Public\LootableFile.h = Source\ProjectOglowia\Public\LootableFile.h
		Source\ProjectOglowia\Public\LootableFileContents.h = Source\ProjectOglowia\Public\LootableFileContents.h
		Source\ProjectOglowia\Public\MailMessage.h = Source\ProjectOglowia\Public\MailMessage.h
		Source\ProjectOglowia\Public\MailProvider.h = Source\ProjectOglowia\Public\MailProvider.h
		Source\ProjectOglowia\Public\ManualCommand.h = Source\ProjectOglowia\Public\ManualCommand.h
		Source\ProjectOglowia\Public\ManualPage.h = Source\ProjectOglowia\Public\ManualPage.h
		Source\ProjectOglowia\Public\ManualPageAsset.h = Source\ProjectOglowia\Public\ManualPageAsset.h
		Source\ProjectOglowia\Public\ManualPageAssetBase.h = Source\ProjectOglowia\Public\ManualPageAssetBase.h
		Source\ProjectOglowia\Public\ManualPageBuilder.h = Source\ProjectOglowia\Public\ManualPageBuilder.h
		Source\ProjectOglowia\Public\MapNodeContext.h = Source\ProjectOglowia\Public\MapNodeContext.h
		Source\ProjectOglowia\Public\MapWidget.h = Source\ProjectOglowia\Public\MapWidget.h
		Source\ProjectOglowia\Public\MarkIdentityAction.h = Source\ProjectOglowia\Public\MarkIdentityAction.h
		Source\ProjectOglowia\Public\MarkovChain.h = Source\ProjectOglowia\Public\MarkovChain.h
		Source\ProjectOglowia\Public\MarkovSource.h = Source\ProjectOglowia\Public\MarkovSource.h
		Source\ProjectOglowia\Public\MarkovTrainingDataAsset.h = Source\ProjectOglowia\Public\MarkovTrainingDataAsset.h
		Source\ProjectOglowia\Public\MissionActor.h = Source\ProjectOglowia\Public\MissionActor.h
		Source\ProjectOglowia\Public\MissionAsset.h = Source\ProjectOglowia\Public\MissionAsset.h
		Source\ProjectOglowia\Public\MissionTask.h = Source\ProjectOglowia\Public\MissionTask.h
		Source\ProjectOglowia\Public\NetworkedConsoleContext.h = Source\ProjectOglowia\Public\NetworkedConsoleContext.h
		Source\ProjectOglowia\Public\OpenProgramTask.h = Source\ProjectOglowia\Public\OpenProgramTask.h
		Source\ProjectOglowia\Public\Payload.h = Source\ProjectOglowia\Public\Payload.h
		Source\ProjectOglowia\Public\PayloadAsset.h = Source\ProjectOglowia\Public\PayloadAsset.h
		Source\ProjectOglowia\Public\PeacegateFileSystem.h = Source\ProjectOglowia\Public\PeacegateFileSystem.h
		Source\ProjectOglowia\Public\PeacegateProcess.h = Source\ProjectOglowia\Public\PeacegateProcess.h
		Source\ProjectOglowia\Public\PeacegateProgramAsset.h = Source\ProjectOglowia\Public\PeacegateProgramAsset.h
		Source\ProjectOglowia\Public\PeacenetGameInstance.h = Source\ProjectOglowia\Public\PeacenetGameInstance.h
		Source\ProjectOglowia\Public\PeacenetIdentity.h = Source\ProjectOglowia\Public\PeacenetIdentity.h
		Source\ProjectOglowia\Public\PeacenetSaveGame.h = Source\ProjectOglowia\Public\PeacenetSaveGame.h
		Source\ProjectOglowia\Public\PeacenetSettings.h = Source\ProjectOglowia\Public\PeacenetSettings.h
		Source\ProjectOglowia\Public\PeacenetSiteAsset.h = Source\ProjectOglowia\Public\PeacenetSiteAsset.h
		Source\ProjectOglowia\Public\PeacenetSiteWidget.h = Source\ProjectOglowia\Public\PeacenetSiteWidget.h
		Source\ProjectOglowia\Public\PeacenetWorldStateActor.h = Source\ProjectOglowia\Public\PeacenetWorldStateActor.h
		Source\ProjectOglowia\Public\picosha2.h = Source\ProjectOglowia\Public\picosha2.h
		Source\ProjectOglowia\Public\PiperContext.h = Source\ProjectOglowia\Public\PiperContext.h
		Source\ProjectOglowia\Public\PlaceboLatentAction.h = Source\ProjectOglowia\Public\PlaceboLatentAction.h
		Source\ProjectOglowia\Public\ProceduralGenerationEngine.h = Source\ProjectOglowia\Public\ProceduralGenerationEngine.h
		Source\ProjectOglowia\Public\ProfileHackTask.h = Source\ProjectOglowia\Public\ProfileHackTask.h
		Source\ProjectOglowia\Public\ProfilerCommand.h = Source\ProjectOglowia\Public\ProfilerCommand.h
		Source\ProjectOglowia\Public\Program.h = Source\ProjectOglowia\Public\Program.h
		Source\ProjectOglowia\Public\ProgramPayload.h = Source\ProjectOglowia\Public\ProgramPayload.h
		Source\ProjectOglowia\Public\ProtocolVersion.h = Source\ProjectOglowia\Public\ProtocolVersion.h
		Source\ProjectOglowia\Public\PTerminalWidget.h = Source\ProjectOglowia\Public\PTerminalWidget.h
		Source\ProjectOglowia\Public\RainbowTable.h = Source\ProjectOglowia\Public\RainbowTable.h
		Source\ProjectOglowia\Public\RAMAmount.h = Source\ProjectOglowia\Public\RAMAmount.h
		Source\ProjectOglowia\Public\RAMUsage.h = Source\ProjectOglowia\Public\RAMUsage.h
		Source\ProjectOglowia\Public\RedirectedConsoleContext.h = Source\ProjectOglowia\Public\RedirectedConsoleContext.h
		Source\ProjectOglowia\Public\ReverseShell.h = Source\ProjectOglowia\Public\ReverseShell.h
		Source\ProjectOglowia\Public\ReverseShellCommandHandler.h = Source\ProjectOglowia\Public\ReverseShellCommandHandler.h
		Source\ProjectOglowia\Public\RunCommandTask.h = Source\ProjectOglowia\Public\RunCommandTask.h
		Source\ProjectOglowia\Public\SoundPlayerTask.h = Source\ProjectOglowia\Public\SoundPlayerTask.h
		Source\ProjectOglowia\Public\StealthStatus.h = Source\ProjectOglowia\Public\StealthStatus.h
		Source\ProjectOglowia\Public\StoryCharacter.h = Source\ProjectOglowia\Public\StoryCharacter.h
		Source\ProjectOglowia\Public\StoryCharacterIDMap.h = Source\ProjectOglowia\Public\StoryCharacterIDMap.h
		Source\ProjectOglowia\Public\SystemContext.h = Source\ProjectOglowia\Public\SystemContext.h
		Source\ProjectOglowia\Public\TerminalColor.h = Source\ProjectOglowia\Public\TerminalColor.h
		Source\ProjectOglowia\Public\TerminalCommand.h = Source\ProjectOglowia\Public\TerminalCommand.h
		Source\ProjectOglowia\Public\TerminalCommandParserLibrary.h = Source\ProjectOglowia\Public\TerminalCommandParserLibrary.h
		Source\ProjectOglowia\Public\TerminalSlowTypeLatentAction.h = Source\ProjectOglowia\Public\TerminalSlowTypeLatentAction.h
		Source\ProjectOglowia\Public\TerminalWriteRequest.h = Source\ProjectOglowia\Public\TerminalWriteRequest.h
		Source\ProjectOglowia\Public\TextFile.h = Source\ProjectOglowia\Public\TextFile.h
		Source\ProjectOglowia\Public\TextFileRecordChecker.cpp = Source\ProjectOglowia\Public\TextFileRecordChecker.cpp
		Source\ProjectOglowia\Public\TextFileRecordChecker.h = Source\ProjectOglowia\Public\TextFileRecordChecker.h
		Source\ProjectOglowia\Public\TutorialPromptState.h = Source\ProjectOglowia\Public\TutorialPromptState.h
		Source\ProjectOglowia\Public\TutorialPromptTask.h = Source\ProjectOglowia\Public\TutorialPromptTask.h
		Source\ProjectOglowia\Public\UploadFileHackTask.h = Source\ProjectOglowia\Public\UploadFileHackTask.h
		Source\ProjectOglowia\Public\UserContext.h = Source\ProjectOglowia\Public\UserContext.h
		Source\ProjectOglowia\Public\UserInfo.h = Source\ProjectOglowia\Public\UserInfo.h
		Source\ProjectOglowia\Public\WallpaperAsset.h = Source\ProjectOglowia\Public\WallpaperAsset.h
		Source\ProjectOglowia\Public\Window.h = Source\ProjectOglowia\Public\Window.h
		Source\ProjectOglowia\Public\Workspace.h = Source\ProjectOglowia\Public\Workspace.h
	EndProjectSection
EndProject
Project("{2150E333-8FDC-42A3-9474-1A3956D46DE8}") = "Source Files", "Source Files", "{0D53379F-959A-428E-B887-212C97DEBF58}"
	ProjectSection(SolutionItems) = preProject
		Source\ProjectOglowia\Private\AlertManager.cpp = Source\ProjectOglowia\Private\AlertManager.cpp
		Source\ProjectOglowia\Private\BashShell.cpp = Source\ProjectOglowia\Private\BashShell.cpp
		Source\ProjectOglowia\Private\ChatManager.cpp = Source\ProjectOglowia\Private\ChatManager.cpp
		Source\ProjectOglowia\Private\CommandInfo.cpp = Source\ProjectOglowia\Private\CommandInfo.cpp
		Source\ProjectOglowia\Private\CommandPayload.cpp = Source\ProjectOglowia\Private\CommandPayload.cpp
		Source\ProjectOglowia\Private\CommandShell.cpp = Source\ProjectOglowia\Private\CommandShell.cpp
		Source\ProjectOglowia\Private\CommonUtils.cpp = Source\ProjectOglowia\Private\CommonUtils.cpp
		Source\ProjectOglowia\Private\Computer.cpp = Source\ProjectOglowia\Private\Computer.cpp
		Source\ProjectOglowia\Private\ConsoleContext.cpp = Source\ProjectOglowia\Private\ConsoleContext.cpp
		Source\ProjectOglowia\Private\Cowsay.cpp = Source\ProjectOglowia\Private\Cowsay.cpp
		Source\ProjectOglowia\Private\Database.cpp = Source\ProjectOglowia\Private\Database.cpp
		Source\ProjectOglowia\Private\DatabaseParser.cpp = Source\ProjectOglowia\Private\DatabaseParser.cpp
		Source\ProjectOglowia\Private\DelayTask.cpp = Source\ProjectOglowia\Private\DelayTask.cpp
		Source\ProjectOglowia\Private\DeleteLogsHackTask.cpp = Source\ProjectOglowia\Private\DeleteLogsHackTask.cpp
		Source\ProjectOglowia\Private\DesktopWidget.cpp = Source\ProjectOglowia\Private\DesktopWidget.cpp
		Source\ProjectOglowia\Private\DownloadFileHackTask.cpp = Source\ProjectOglowia\Private\DownloadFileHackTask.cpp
		Source\ProjectOglowia\Private\Exploit.cpp = Source\ProjectOglowia\Private\Exploit.cpp
		Source\ProjectOglowia\Private\ExploitFileRecordChecker.cpp = Source\ProjectOglowia\Private\ExploitFileRecordChecker.cpp
		Source\ProjectOglowia\Private\FileRecordChecker.cpp = Source\ProjectOglowia\Private\FileRecordChecker.cpp
		Source\ProjectOglowia\Private\FirewallRule.cpp = Source\ProjectOglowia\Private\FirewallRule.cpp
		Source\ProjectOglowia\Private\GraphicalTerminalCommand.cpp = Source\ProjectOglowia\Private\GraphicalTerminalCommand.cpp
		Source\ProjectOglowia\Private\Grep.cpp = Source\ProjectOglowia\Private\Grep.cpp
		Source\ProjectOglowia\Private\HackCommand.cpp = Source\ProjectOglowia\Private\HackCommand.cpp
		Source\ProjectOglowia\Private\HackSubtask.cpp = Source\ProjectOglowia\Private\HackSubtask.cpp
		Source\ProjectOglowia\Private\HackTask.cpp = Source\ProjectOglowia\Private\HackTask.cpp
		Source\ProjectOglowia\Private\HashFunctions.cpp = Source\ProjectOglowia\Private\HashFunctions.cpp
		Source\ProjectOglowia\Private\HelpCommand.cpp = Source\ProjectOglowia\Private\HelpCommand.cpp
		Source\ProjectOglowia\Private\InfoboxBase.cpp = Source\ProjectOglowia\Private\InfoboxBase.cpp
		Source\ProjectOglowia\Private\KillProcessCommand.cpp = Source\ProjectOglowia\Private\KillProcessCommand.cpp
		Source\ProjectOglowia\Private\LootableFileContents.cpp = Source\ProjectOglowia\Private\LootableFileContents.cpp
		Source\ProjectOglowia\Private\MailMessage.cpp = Source\ProjectOglowia\Private\MailMessage.cpp
		Source\ProjectOglowia\Private\MailProvider.cpp = Source\ProjectOglowia\Private\MailProvider.cpp
		Source\ProjectOglowia\Private\ManualCommand.cpp = Source\ProjectOglowia\Private\ManualCommand.cpp
		Source\ProjectOglowia\Private\ManualPageAsset.cpp = Source\ProjectOglowia\Private\ManualPageAsset.cpp
		Source\ProjectOglowia\Private\ManualPageAssetBase.cpp = Source\ProjectOglowia\Private\ManualPageAssetBase.cpp
		Source\ProjectOglowia\Private\ManualPageBuilder.cpp = Source\ProjectOglowia\Private\ManualPageBuilder.cpp
		Source\ProjectOglowia\Private\MapNodeContext.cpp = Source\ProjectOglowia\Private\MapNodeContext.cpp
		Source\ProjectOglowia\Private\MapWidget.cpp = Source\ProjectOglowia\Private\MapWidget.cpp
		Source\ProjectOglowia\Private\MarkIdentityAction.cpp = Source\ProjectOglowia\Private\MarkIdentityAction.cpp
		Source\ProjectOglowia\Private\MarkovChain.cpp = Source\ProjectOglowia\Private\MarkovChain.cpp
		Source\ProjectOglowia\Private\MarkovSource.cpp = Source\ProjectOglowia\Private\MarkovSource.cpp
		Source\ProjectOglowia\Private\MissionActor.cpp = Source\ProjectOglowia\Private\MissionActor.cpp
		Source\ProjectOglowia\Private\MissionTask.cpp = Source\ProjectOglowia\Private\MissionTask.cpp
		Source\ProjectOglowia\Private\NetworkedConsoleContext.cpp = Source\ProjectOglowia\Private\NetworkedConsoleContext.cpp
		Source\ProjectOglowia\Private\OpenProgramTask.cpp = Source\ProjectOglowia\Private\OpenProgramTask.cpp
		Source\ProjectOglowia\Private\Payload.cpp = Source\ProjectOglowia\Private\Payload.cpp
		Source\ProjectOglowia\Private\PayloadAsset.cpp = Source\ProjectOglowia\Private\PayloadAsset.cpp
		Source\ProjectOglowia\Private\PeacegateFileSystem.cpp = Source\ProjectOglowia\Private\PeacegateFileSystem.cpp
		Source\ProjectOglowia\Private\PeacegateProgramAsset.cpp = Source\ProjectOglowia\Private\PeacegateProgramAsset.cpp
		Source\ProjectOglowia\Private\PeacenetGameInstance.cpp = Source\ProjectOglowia\Private\PeacenetGameInstance.cpp
		Source\ProjectOglowia\Private\PeacenetSaveGame.cpp = Source\ProjectOglowia\Private\PeacenetSaveGame.cpp
		Source\ProjectOglowia\Private\PeacenetSiteWidget.cpp = Source\ProjectOglowia\Private\PeacenetSiteWidget.cpp
		Source\ProjectOglowia\Private\PeacenetWorldStateActor.cpp = Source\ProjectOglowia\Private\PeacenetWorldStateActor.cpp
		Source\ProjectOglowia\Private\PiperContext.cpp = Source\ProjectOglowia\Private\PiperContext.cpp
		Source\ProjectOglowia\Private\ProceduralGenerationEngine.cpp = Source\ProjectOglowia\Private\ProceduralGenerationEngine.cpp
		Source\ProjectOglowia\Private\ProfileHackTask.cpp = Source\ProjectOglowia\Private\ProfileHackTask.cpp
		Source\ProjectOglowia\Private\ProfilerCommand.cpp = Source\ProjectOglowia\Private\ProfilerCommand.cpp
		Source\ProjectOglowia\Private\Program.cpp = Source\ProjectOglowia\Private\Program.cpp
		Source\ProjectOglowia\Private\ProgramPayload.cpp = Source\ProjectOglowia\Private\ProgramPayload.cpp
		Source\ProjectOglowia\Private\PTerminalWidget.cpp = Source\ProjectOglowia\Private\PTerminalWidget.cpp
		Source\ProjectOglowia\Private\RainbowTable.cpp = Source\ProjectOglowia\Private\RainbowTable.cpp
		Source\ProjectOglowia\Private\RedirectedConsoleContext.cpp = Source\ProjectOglowia\Private\RedirectedConsoleContext.cpp
		Source\ProjectOglowia\Private\ReverseShell.cpp = Source\ProjectOglowia\Private\ReverseShell.cpp
		Source\ProjectOglowia\Private\ReverseShellCommandHandler.cpp = Source\ProjectOglowia\Private\ReverseShellCommandHandler.cpp
		Source\ProjectOglowia\Private\RunCommandTask.cpp = Source\ProjectOglowia\Private\RunCommandTask.cpp
		Source\ProjectOglowia\Private\SoundPlayerTask.cpp = Source\ProjectOglowia\Private\SoundPlayerTask.cpp
		Source\ProjectOglowia\Private\SystemContext.cpp = Source\ProjectOglowia\Private\SystemContext.cpp
		Source\ProjectOglowia\Private\TerminalCommand.cpp = Source\ProjectOglowia\Private\TerminalCommand.cpp
		Source\ProjectOglowia\Private\TerminalCommandParserLibrary.cpp = Source\ProjectOglowia\Private\TerminalCommandParserLibrary.cpp
		Source\ProjectOglowia\Private\TerminalSlowTypeLatentAction.cpp = Source\ProjectOglowia\Private\TerminalSlowTypeLatentAction.cpp
		Source\ProjectOglowia\Private\TutorialPromptState.cpp = Source\ProjectOglowia\Private\TutorialPromptState.cpp
		Source\ProjectOglowia\Private\TutorialPromptTask.cpp = Source\ProjectOglowia\Private\TutorialPromptTask.cpp
		Source\ProjectOglowia\Private\UploadFileHackTask.cpp = Source\ProjectOglowia\Private\UploadFileHackTask.cpp
		Source\ProjectOglowia\Private\UserContext.cpp = Source\ProjectOglowia\Private\UserContext.cpp
		Source\ProjectOglowia\Private\Window.cpp = Source\ProjectOglowia\Private\Window.cpp
		Source\ProjectOglowia\Private\Workspace.cpp = Source\ProjectOglowia\Private\Workspace.cpp
	EndProjectSection
EndProject
Project("{FAE04EC0-301F-11D3-BF4B-00C04F79EFBC}") = "ThePeacenet.Gui", "ThePeacenet.Gui\ThePeacenet.Gui.csproj", "{31389202-87D8-4830-85AA-00771D4EC65B}"
EndProject
Project("{FAE04EC0-301F-11D3-BF4B-00C04F79EFBC}") = "Peon501.Pipeline", "Peon501.Pipeline\Peon501.Pipeline.csproj", "{33C83BF8-CB58-4031-B029-2F8B9686EE81}"
EndProject
Global
	GlobalSection(SolutionConfigurationPlatforms) = preSolution
		Debug|Any CPU = Debug|Any CPU
		Debug|x64 = Debug|x64
		Debug|x86 = Debug|x86
		Release|Any CPU = Release|Any CPU
		Release|x64 = Release|x64
		Release|x86 = Release|x86
	EndGlobalSection
	GlobalSection(ProjectConfigurationPlatforms) = postSolution
		{4ADA4A59-2A99-425D-9995-C74A5E6A20CC}.Debug|Any CPU.ActiveCfg = Debug|Any CPU
		{4ADA4A59-2A99-425D-9995-C74A5E6A20CC}.Debug|Any CPU.Build.0 = Debug|Any CPU
		{4ADA4A59-2A99-425D-9995-C74A5E6A20CC}.Debug|x64.ActiveCfg = Debug|Any CPU
		{4ADA4A59-2A99-425D-9995-C74A5E6A20CC}.Debug|x64.Build.0 = Debug|Any CPU
		{4ADA4A59-2A99-425D-9995-C74A5E6A20CC}.Debug|x86.ActiveCfg = Debug|Any CPU
		{4ADA4A59-2A99-425D-9995-C74A5E6A20CC}.Debug|x86.Build.0 = Debug|Any CPU
		{4ADA4A59-2A99-425D-9995-C74A5E6A20CC}.Release|Any CPU.ActiveCfg = Release|Any CPU
		{4ADA4A59-2A99-425D-9995-C74A5E6A20CC}.Release|Any CPU.Build.0 = Release|Any CPU
		{4ADA4A59-2A99-425D-9995-C74A5E6A20CC}.Release|x64.ActiveCfg = Release|Any CPU
		{4ADA4A59-2A99-425D-9995-C74A5E6A20CC}.Release|x64.Build.0 = Release|Any CPU
		{4ADA4A59-2A99-425D-9995-C74A5E6A20CC}.Release|x86.ActiveCfg = Release|Any CPU
		{4ADA4A59-2A99-425D-9995-C74A5E6A20CC}.Release|x86.Build.0 = Release|Any CPU
		{137C6E21-12DA-4948-9E38-BD436FD15571}.Debug|Any CPU.ActiveCfg = Debug|Any CPU
		{137C6E21-12DA-4948-9E38-BD436FD15571}.Debug|Any CPU.Build.0 = Debug|Any CPU
		{137C6E21-12DA-4948-9E38-BD436FD15571}.Debug|x64.ActiveCfg = Debug|Any CPU
		{137C6E21-12DA-4948-9E38-BD436FD15571}.Debug|x64.Build.0 = Debug|Any CPU
		{137C6E21-12DA-4948-9E38-BD436FD15571}.Debug|x86.ActiveCfg = Debug|Any CPU
		{137C6E21-12DA-4948-9E38-BD436FD15571}.Debug|x86.Build.0 = Debug|Any CPU
		{137C6E21-12DA-4948-9E38-BD436FD15571}.Release|Any CPU.ActiveCfg = Release|Any CPU
		{137C6E21-12DA-4948-9E38-BD436FD15571}.Release|Any CPU.Build.0 = Release|Any CPU
		{137C6E21-12DA-4948-9E38-BD436FD15571}.Release|x64.ActiveCfg = Release|Any CPU
		{137C6E21-12DA-4948-9E38-BD436FD15571}.Release|x64.Build.0 = Release|Any CPU
		{137C6E21-12DA-4948-9E38-BD436FD15571}.Release|x86.ActiveCfg = Release|Any CPU
		{137C6E21-12DA-4948-9E38-BD436FD15571}.Release|x86.Build.0 = Release|Any CPU
		{31389202-87D8-4830-85AA-00771D4EC65B}.Debug|Any CPU.ActiveCfg = Debug|Any CPU
		{31389202-87D8-4830-85AA-00771D4EC65B}.Debug|Any CPU.Build.0 = Debug|Any CPU
		{31389202-87D8-4830-85AA-00771D4EC65B}.Debug|x64.ActiveCfg = Debug|Any CPU
		{31389202-87D8-4830-85AA-00771D4EC65B}.Debug|x64.Build.0 = Debug|Any CPU
		{31389202-87D8-4830-85AA-00771D4EC65B}.Debug|x86.ActiveCfg = Debug|Any CPU
		{31389202-87D8-4830-85AA-00771D4EC65B}.Debug|x86.Build.0 = Debug|Any CPU
		{31389202-87D8-4830-85AA-00771D4EC65B}.Release|Any CPU.ActiveCfg = Release|Any CPU
		{31389202-87D8-4830-85AA-00771D4EC65B}.Release|Any CPU.Build.0 = Release|Any CPU
		{31389202-87D8-4830-85AA-00771D4EC65B}.Release|x64.ActiveCfg = Release|Any CPU
		{31389202-87D8-4830-85AA-00771D4EC65B}.Release|x64.Build.0 = Release|Any CPU
		{31389202-87D8-4830-85AA-00771D4EC65B}.Release|x86.ActiveCfg = Release|Any CPU
		{31389202-87D8-4830-85AA-00771D4EC65B}.Release|x86.Build.0 = Release|Any CPU
		{33C83BF8-CB58-4031-B029-2F8B9686EE81}.Debug|Any CPU.ActiveCfg = Debug|Any CPU
		{33C83BF8-CB58-4031-B029-2F8B9686EE81}.Debug|Any CPU.Build.0 = Debug|Any CPU
		{33C83BF8-CB58-4031-B029-2F8B9686EE81}.Debug|x64.ActiveCfg = Debug|Any CPU
		{33C83BF8-CB58-4031-B029-2F8B9686EE81}.Debug|x64.Build.0 = Debug|Any CPU
		{33C83BF8-CB58-4031-B029-2F8B9686EE81}.Debug|x86.ActiveCfg = Debug|Any CPU
		{33C83BF8-CB58-4031-B029-2F8B9686EE81}.Debug|x86.Build.0 = Debug|Any CPU
		{33C83BF8-CB58-4031-B029-2F8B9686EE81}.Release|Any CPU.ActiveCfg = Release|Any CPU
		{33C83BF8-CB58-4031-B029-2F8B9686EE81}.Release|Any CPU.Build.0 = Release|Any CPU
		{33C83BF8-CB58-4031-B029-2F8B9686EE81}.Release|x64.ActiveCfg = Release|Any CPU
		{33C83BF8-CB58-4031-B029-2F8B9686EE81}.Release|x64.Build.0 = Release|Any CPU
		{33C83BF8-CB58-4031-B029-2F8B9686EE81}.Release|x86.ActiveCfg = Release|Any CPU
		{33C83BF8-CB58-4031-B029-2F8B9686EE81}.Release|x86.Build.0 = Release|Any CPU
	EndGlobalSection
	GlobalSection(SolutionProperties) = preSolution
		HideSolutionNode = FALSE
	EndGlobalSection
	GlobalSection(NestedProjects) = preSolution
		{AF2548C4-10E4-4200-9E1C-F290126723AE} = {2D8A959A-20F2-415D-90C5-6478D91E5E1A}
		{0D53379F-959A-428E-B887-212C97DEBF58} = {2D8A959A-20F2-415D-90C5-6478D91E5E1A}
	EndGlobalSection
	GlobalSection(ExtensibilityGlobals) = postSolution
		SolutionGuid = {D5DB5940-A569-4F4A-888F-4DD806038529}
	EndGlobalSection
EndGlobal
